// !$*UTF8*$!
{
	archiveVersion = 1;
	classes = {
	};
	objectVersion = 55;
	objects = {

/* Begin PBXBuildFile section */
		FA01EA4A28CA0566009FCC39 /* CustomMenuBlock.xib in Resources */ = {isa = PBXBuildFile; fileRef = FA01EA4928CA0566009FCC39 /* CustomMenuBlock.xib */; };
		FA01EA4C28CA0597009FCC39 /* CustomMenuBlock.swift in Sources */ = {isa = PBXBuildFile; fileRef = FA01EA4B28CA0597009FCC39 /* CustomMenuBlock.swift */; };
		FA04357528CCC6320036D151 /* CustomBackgroundView.xib in Resources */ = {isa = PBXBuildFile; fileRef = FA04357428CCC6320036D151 /* CustomBackgroundView.xib */; };
		FA04357728CCC6510036D151 /* CustomBackgroundView.swift in Sources */ = {isa = PBXBuildFile; fileRef = FA04357628CCC6510036D151 /* CustomBackgroundView.swift */; };
		FA37F21E28CA2977002994BA /* Extencion.swift in Sources */ = {isa = PBXBuildFile; fileRef = FA37F21D28CA2977002994BA /* Extencion.swift */; };
		FA37F22028CA3140002994BA /* Functions.swift in Sources */ = {isa = PBXBuildFile; fileRef = FA37F21F28CA3140002994BA /* Functions.swift */; };
		FA5A3A7B28C7949E0008B33B /* AppDelegate.swift in Sources */ = {isa = PBXBuildFile; fileRef = FA5A3A7A28C7949E0008B33B /* AppDelegate.swift */; };
		FA5A3A7D28C7949E0008B33B /* SceneDelegate.swift in Sources */ = {isa = PBXBuildFile; fileRef = FA5A3A7C28C7949E0008B33B /* SceneDelegate.swift */; };
		FA5A3A7F28C7949E0008B33B /* ViewController.swift in Sources */ = {isa = PBXBuildFile; fileRef = FA5A3A7E28C7949E0008B33B /* ViewController.swift */; };
		FA5A3A8228C7949E0008B33B /* Main.storyboard in Resources */ = {isa = PBXBuildFile; fileRef = FA5A3A8028C7949E0008B33B /* Main.storyboard */; };
		FA5A3A8428C794A40008B33B /* Assets.xcassets in Resources */ = {isa = PBXBuildFile; fileRef = FA5A3A8328C794A40008B33B /* Assets.xcassets */; };
		FA5A3A8728C794A40008B33B /* LaunchScreen.storyboard in Resources */ = {isa = PBXBuildFile; fileRef = FA5A3A8528C794A40008B33B /* LaunchScreen.storyboard */; };
		FA5A3A9028C7A1D20008B33B /* CustomViewTabBar.xib in Resources */ = {isa = PBXBuildFile; fileRef = FA5A3A8F28C7A1D20008B33B /* CustomViewTabBar.xib */; };
		FA5A3A9428C7A20E0008B33B /* CustomViewTabBar.swift in Sources */ = {isa = PBXBuildFile; fileRef = FA5A3A9328C7A20E0008B33B /* CustomViewTabBar.swift */; };
		FA8BF47228D0F91F0058B240 /* Protocol.swift in Sources */ = {isa = PBXBuildFile; fileRef = FA8BF47128D0F91F0058B240 /* Protocol.swift */; };
/* End PBXBuildFile section */

/* Begin PBXFileReference section */
		FA01EA4928CA0566009FCC39 /* CustomMenuBlock.xib */ = {isa = PBXFileReference; lastKnownFileType = file.xib; path = CustomMenuBlock.xib; sourceTree = "<group>"; };
		FA01EA4B28CA0597009FCC39 /* CustomMenuBlock.swift */ = {isa = PBXFileReference; lastKnownFileType = sourcecode.swift; path = CustomMenuBlock.swift; sourceTree = "<group>"; };
		FA04357428CCC6320036D151 /* CustomBackgroundView.xib */ = {isa = PBXFileReference; lastKnownFileType = file.xib; path = CustomBackgroundView.xib; sourceTree = "<group>"; };
		FA04357628CCC6510036D151 /* CustomBackgroundView.swift */ = {isa = PBXFileReference; lastKnownFileType = sourcecode.swift; path = CustomBackgroundView.swift; sourceTree = "<group>"; };
		FA37F21D28CA2977002994BA /* Extencion.swift */ = {isa = PBXFileReference; lastKnownFileType = sourcecode.swift; path = Extencion.swift; sourceTree = "<group>"; };
		FA37F21F28CA3140002994BA /* Functions.swift */ = {isa = PBXFileReference; lastKnownFileType = sourcecode.swift; path = Functions.swift; sourceTree = "<group>"; };
		FA5A3A7728C7949E0008B33B /* HomeWork6_Task2.app */ = {isa = PBXFileReference; explicitFileType = wrapper.application; includeInIndex = 0; path = HomeWork6_Task2.app; sourceTree = BUILT_PRODUCTS_DIR; };
		FA5A3A7A28C7949E0008B33B /* AppDelegate.swift */ = {isa = PBXFileReference; lastKnownFileType = sourcecode.swift; path = AppDelegate.swift; sourceTree = "<group>"; };
		FA5A3A7C28C7949E0008B33B /* SceneDelegate.swift */ = {isa = PBXFileReference; lastKnownFileType = sourcecode.swift; path = SceneDelegate.swift; sourceTree = "<group>"; };
		FA5A3A7E28C7949E0008B33B /* ViewController.swift */ = {isa = PBXFileReference; lastKnownFileType = sourcecode.swift; path = ViewController.swift; sourceTree = "<group>"; };
		FA5A3A8128C7949E0008B33B /* Base */ = {isa = PBXFileReference; lastKnownFileType = file.storyboard; name = Base; path = Base.lproj/Main.storyboard; sourceTree = "<group>"; };
		FA5A3A8328C794A40008B33B /* Assets.xcassets */ = {isa = PBXFileReference; lastKnownFileType = folder.assetcatalog; path = Assets.xcassets; sourceTree = "<group>"; };
		FA5A3A8628C794A40008B33B /* Base */ = {isa = PBXFileReference; lastKnownFileType = file.storyboard; name = Base; path = Base.lproj/LaunchScreen.storyboard; sourceTree = "<group>"; };
		FA5A3A8828C794A40008B33B /* Info.plist */ = {isa = PBXFileReference; lastKnownFileType = text.plist.xml; path = Info.plist; sourceTree = "<group>"; };
		FA5A3A8F28C7A1D20008B33B /* CustomViewTabBar.xib */ = {isa = PBXFileReference; lastKnownFileType = file.xib; path = CustomViewTabBar.xib; sourceTree = "<group>"; };
		FA5A3A9328C7A20E0008B33B /* CustomViewTabBar.swift */ = {isa = PBXFileReference; lastKnownFileType = sourcecode.swift; path = CustomViewTabBar.swift; sourceTree = "<group>"; };
		FA8BF47128D0F91F0058B240 /* Protocol.swift */ = {isa = PBXFileReference; lastKnownFileType = sourcecode.swift; path = Protocol.swift; sourceTree = "<group>"; };
/* End PBXFileReference section */

/* Begin PBXFrameworksBuildPhase section */
		FA5A3A7428C7949E0008B33B /* Frameworks */ = {
			isa = PBXFrameworksBuildPhase;
			buildActionMask = 2147483647;
			files = (
			);
			runOnlyForDeploymentPostprocessing = 0;
		};
/* End PBXFrameworksBuildPhase section */

/* Begin PBXGroup section */
		FA5A3A6E28C7949E0008B33B = {
			isa = PBXGroup;
			children = (
				FA5A3A7928C7949E0008B33B /* HomeWork6_Task2 */,
				FA5A3A7828C7949E0008B33B /* Products */,
			);
			sourceTree = "<group>";
		};
		FA5A3A7828C7949E0008B33B /* Products */ = {
			isa = PBXGroup;
			children = (
				FA5A3A7728C7949E0008B33B /* HomeWork6_Task2.app */,
			);
			name = Products;
			sourceTree = "<group>";
		};
		FA5A3A7928C7949E0008B33B /* HomeWork6_Task2 */ = {
			isa = PBXGroup;
			children = (
				FA5A3A8E28C7A18E0008B33B /* CustomViewMonobank */,
				FA5A3A7A28C7949E0008B33B /* AppDelegate.swift */,
				FA5A3A7C28C7949E0008B33B /* SceneDelegate.swift */,
				FA5A3A7E28C7949E0008B33B /* ViewController.swift */,
				FA5A3A8028C7949E0008B33B /* Main.storyboard */,
				FA5A3A8328C794A40008B33B /* Assets.xcassets */,
				FA5A3A8528C794A40008B33B /* LaunchScreen.storyboard */,
				FA5A3A8828C794A40008B33B /* Info.plist */,
				FA37F21D28CA2977002994BA /* Extencion.swift */,
				FA37F21F28CA3140002994BA /* Functions.swift */,
				FA8BF47128D0F91F0058B240 /* Protocol.swift */,
			);
			path = HomeWork6_Task2;
			sourceTree = "<group>";
		};
		FA5A3A8E28C7A18E0008B33B /* CustomViewMonobank */ = {
			isa = PBXGroup;
			children = (
				FA5A3A8F28C7A1D20008B33B /* CustomViewTabBar.xib */,
				FA5A3A9328C7A20E0008B33B /* CustomViewTabBar.swift */,
				FA01EA4928CA0566009FCC39 /* CustomMenuBlock.xib */,
				FA01EA4B28CA0597009FCC39 /* CustomMenuBlock.swift */,
				FA04357428CCC6320036D151 /* CustomBackgroundView.xib */,
				FA04357628CCC6510036D151 /* CustomBackgroundView.swift */,
			);
			path = CustomViewMonobank;
			sourceTree = "<group>";
		};
/* End PBXGroup section */

/* Begin PBXNativeTarget section */
		FA5A3A7628C7949E0008B33B /* HomeWork6_Task2 */ = {
			isa = PBXNativeTarget;
			buildConfigurationList = FA5A3A8B28C794A40008B33B /* Build configuration list for PBXNativeTarget "HomeWork6_Task2" */;
			buildPhases = (
				FA5A3A7328C7949E0008B33B /* Sources */,
				FA5A3A7428C7949E0008B33B /* Frameworks */,
				FA5A3A7528C7949E0008B33B /* Resources */,
			);
			buildRules = (
			);
			dependencies = (
			);
			name = HomeWork6_Task2;
			productName = HomeWork6_Task2;
			productReference = FA5A3A7728C7949E0008B33B /* HomeWork6_Task2.app */;
			productType = "com.apple.product-type.application";
		};
/* End PBXNativeTarget section */

/* Begin PBXProject section */
		FA5A3A6F28C7949E0008B33B /* Project object */ = {
			isa = PBXProject;
			attributes = {
				BuildIndependentTargetsInParallel = 1;
				LastSwiftUpdateCheck = 1340;
				LastUpgradeCheck = 1340;
				TargetAttributes = {
					FA5A3A7628C7949E0008B33B = {
						CreatedOnToolsVersion = 13.4.1;
					};
				};
			};
			buildConfigurationList = FA5A3A7228C7949E0008B33B /* Build configuration list for PBXProject "HomeWork6_Task2" */;
			compatibilityVersion = "Xcode 13.0";
			developmentRegion = en;
			hasScannedForEncodings = 0;
			knownRegions = (
				en,
				Base,
			);
			mainGroup = FA5A3A6E28C7949E0008B33B;
			productRefGroup = FA5A3A7828C7949E0008B33B /* Products */;
			projectDirPath = "";
			projectRoot = "";
			targets = (
				FA5A3A7628C7949E0008B33B /* HomeWork6_Task2 */,
			);
		};
/* End PBXProject section */

/* Begin PBXResourcesBuildPhase section */
		FA5A3A7528C7949E0008B33B /* Resources */ = {
			isa = PBXResourcesBuildPhase;
			buildActionMask = 2147483647;
			files = (
				FA01EA4A28CA0566009FCC39 /* CustomMenuBlock.xib in Resources */,
				FA04357528CCC6320036D151 /* CustomBackgroundView.xib in Resources */,
				FA5A3A8728C794A40008B33B /* LaunchScreen.storyboard in Resources */,
				FA5A3A8428C794A40008B33B /* Assets.xcassets in Resources */,
				FA5A3A8228C7949E0008B33B /* Main.storyboard in Resources */,
				FA5A3A9028C7A1D20008B33B /* CustomViewTabBar.xib in Resources */,
			);
			runOnlyForDeploymentPostprocessing = 0;
		};
/* End PBXResourcesBuildPhase section */

/* Begin PBXSourcesBuildPhase section */
		FA5A3A7328C7949E0008B33B /* Sources */ = {
			isa = PBXSourcesBuildPhase;
			buildActionMask = 2147483647;
			files = (
				FA5A3A7F28C7949E0008B33B /* ViewController.swift in Sources */,
				FA37F21E28CA2977002994BA /* Extencion.swift in Sources */,
				FA01EA4C28CA0597009FCC39 /* CustomMenuBlock.swift in Sources */,
				FA04357728CCC6510036D151 /* CustomBackgroundView.swift in Sources */,
				FA37F22028CA3140002994BA /* Functions.swift in Sources */,
				FA8BF47228D0F91F0058B240 /* Protocol.swift in Sources */,
				FA5A3A7B28C7949E0008B33B /* AppDelegate.swift in Sources */,
				FA5A3A7D28C7949E0008B33B /* SceneDelegate.swift in Sources */,
				FA5A3A9428C7A20E0008B33B /* CustomViewTabBar.swift in Sources */,
			);
			runOnlyForDeploymentPostprocessing = 0;
		};
/* End PBXSourcesBuildPhase section */

/* Begin PBXVariantGroup section */
		FA5A3A8028C7949E0008B33B /* Main.storyboard */ = {
			isa = PBXVariantGroup;
			children = (
				FA5A3A8128C7949E0008B33B /* Base */,
			);
			name = Main.storyboard;
			sourceTree = "<group>";
		};
		FA5A3A8528C794A40008B33B /* LaunchScreen.storyboard */ = {
			isa = PBXVariantGroup;
			children = (
				FA5A3A8628C794A40008B33B /* Base */,
			);
			name = LaunchScreen.storyboard;
			sourceTree = "<group>";
		};
/* End PBXVariantGroup section */

/* Begin XCBuildConfiguration section */
		FA5A3A8928C794A40008B33B /* Debug */ = {
			isa = XCBuildConfiguration;
			buildSettings = {
				ALWAYS_SEARCH_USER_PATHS = NO;
				CLANG_ANALYZER_NONNULL = YES;
				CLANG_ANALYZER_NUMBER_OBJECT_CONVERSION = YES_AGGRESSIVE;
				CLANG_CXX_LANGUAGE_STANDARD = "gnu++17";
				CLANG_ENABLE_MODULES = YES;
				CLANG_ENABLE_OBJC_ARC = YES;
				CLANG_ENABLE_OBJC_WEAK = YES;
				CLANG_WARN_BLOCK_CAPTURE_AUTORELEASING = YES;
				CLANG_WARN_BOOL_CONVERSION = YES;
				CLANG_WARN_COMMA = YES;
				CLANG_WARN_CONSTANT_CONVERSION = YES;
				CLANG_WARN_DEPRECATED_OBJC_IMPLEMENTATIONS = YES;
				CLANG_WARN_DIRECT_OBJC_ISA_USAGE = YES_ERROR;
				CLANG_WARN_DOCUMENTATION_COMMENTS = YES;
				CLANG_WARN_EMPTY_BODY = YES;
				CLANG_WARN_ENUM_CONVERSION = YES;
				CLANG_WARN_INFINITE_RECURSION = YES;
				CLANG_WARN_INT_CONVERSION = YES;
				CLANG_WARN_NON_LITERAL_NULL_CONVERSION = YES;
				CLANG_WARN_OBJC_IMPLICIT_RETAIN_SELF = YES;
				CLANG_WARN_OBJC_LITERAL_CONVERSION = YES;
				CLANG_WARN_OBJC_ROOT_CLASS = YES_ERROR;
				CLANG_WARN_QUOTED_INCLUDE_IN_FRAMEWORK_HEADER = YES;
				CLANG_WARN_RANGE_LOOP_ANALYSIS = YES;
				CLANG_WARN_STRICT_PROTOTYPES = YES;
				CLANG_WARN_SUSPICIOUS_MOVE = YES;
				CLANG_WARN_UNGUARDED_AVAILABILITY = YES_AGGRESSIVE;
				CLANG_WARN_UNREACHABLE_CODE = YES;
				CLANG_WARN__DUPLICATE_METHOD_MATCH = YES;
				COPY_PHASE_STRIP = NO;
				DEBUG_INFORMATION_FORMAT = dwarf;
				ENABLE_STRICT_OBJC_MSGSEND = YES;
				ENABLE_TESTABILITY = YES;
				GCC_C_LANGUAGE_STANDARD = gnu11;
				GCC_DYNAMIC_NO_PIC = NO;
				GCC_NO_COMMON_BLOCKS = YES;
				GCC_OPTIMIZATION_LEVEL = 0;
				GCC_PREPROCESSOR_DEFINITIONS = (
					"DEBUG=1",
					"$(inherited)",
				);
				GCC_WARN_64_TO_32_BIT_CONVERSION = YES;
				GCC_WARN_ABOUT_RETURN_TYPE = YES_ERROR;
				GCC_WARN_UNDECLARED_SELECTOR = YES;
				GCC_WARN_UNINITIALIZED_AUTOS = YES_AGGRESSIVE;
				GCC_WARN_UNUSED_FUNCTION = YES;
				GCC_WARN_UNUSED_VARIABLE = YES;
				IPHONEOS_DEPLOYMENT_TARGET = 15.5;
				MTL_ENABLE_DEBUG_INFO = INCLUDE_SOURCE;
				MTL_FAST_MATH = YES;
				ONLY_ACTIVE_ARCH = YES;
				SDKROOT = iphoneos;
				SWIFT_ACTIVE_COMPILATION_CONDITIONS = DEBUG;
				SWIFT_OPTIMIZATION_LEVEL = "-Onone";
			};
			name = Debug;
		};
		FA5A3A8A28C794A40008B33B /* Release */ = {
			isa = XCBuildConfiguration;
			buildSettings = {
				ALWAYS_SEARCH_USER_PATHS = NO;
				CLANG_ANALYZER_NONNULL = YES;
				CLANG_ANALYZER_NUMBER_OBJECT_CONVERSION = YES_AGGRESSIVE;
				CLANG_CXX_LANGUAGE_STANDARD = "gnu++17";
				CLANG_ENABLE_MODULES = YES;
				CLANG_ENABLE_OBJC_ARC = YES;
				CLANG_ENABLE_OBJC_WEAK = YES;
				CLANG_WARN_BLOCK_CAPTURE_AUTORELEASING = YES;
				CLANG_WARN_BOOL_CONVERSION = YES;
				CLANG_WARN_COMMA = YES;
				CLANG_WARN_CONSTANT_CONVERSION = YES;
				CLANG_WARN_DEPRECATED_OBJC_IMPLEMENTATIONS = YES;
				CLANG_WARN_DIRECT_OBJC_ISA_USAGE = YES_ERROR;
				CLANG_WARN_DOCUMENTATION_COMMENTS = YES;
				CLANG_WARN_EMPTY_BODY = YES;
				CLANG_WARN_ENUM_CONVERSION = YES;
				CLANG_WARN_INFINITE_RECURSION = YES;
				CLANG_WARN_INT_CONVERSION = YES;
				CLANG_WARN_NON_LITERAL_NULL_CONVERSION = YES;
				CLANG_WARN_OBJC_IMPLICIT_RETAIN_SELF = YES;
				CLANG_WARN_OBJC_LITERAL_CONVERSION = YES;
				CLANG_WARN_OBJC_ROOT_CLASS = YES_ERROR;
				CLANG_WARN_QUOTED_INCLUDE_IN_FRAMEWORK_HEADER = YES;
				CLANG_WARN_RANGE_LOOP_ANALYSIS = YES;
				CLANG_WARN_STRICT_PROTOTYPES = YES;
				CLANG_WARN_SUSPICIOUS_MOVE = YES;
				CLANG_WARN_UNGUARDED_AVAILABILITY = YES_AGGRESSIVE;
				CLANG_WARN_UNREACHABLE_CODE = YES;
				CLANG_WARN__DUPLICATE_METHOD_MATCH = YES;
				COPY_PHASE_STRIP = NO;
				DEBUG_INFORMATION_FORMAT = "dwarf-with-dsym";
				ENABLE_NS_ASSERTIONS = NO;
				ENABLE_STRICT_OBJC_MSGSEND = YES;
				GCC_C_LANGUAGE_STANDARD = gnu11;
				GCC_NO_COMMON_BLOCKS = YES;
				GCC_WARN_64_TO_32_BIT_CONVERSION = YES;
				GCC_WARN_ABOUT_RETURN_TYPE = YES_ERROR;
				GCC_WARN_UNDECLARED_SELECTOR = YES;
				GCC_WARN_UNINITIALIZED_AUTOS = YES_AGGRESSIVE;
				GCC_WARN_UNUSED_FUNCTION = YES;
				GCC_WARN_UNUSED_VARIABLE = YES;
				IPHONEOS_DEPLOYMENT_TARGET = 15.5;
				MTL_ENABLE_DEBUG_INFO = NO;
				MTL_FAST_MATH = YES;
				SDKROOT = iphoneos;
				SWIFT_COMPILATION_MODE = wholemodule;
				SWIFT_OPTIMIZATION_LEVEL = "-O";
				VALIDATE_PRODUCT = YES;
			};
			name = Release;
		};
		FA5A3A8C28C794A40008B33B /* Debug */ = {
			isa = XCBuildConfiguration;
			buildSettings = {
				ASSETCATALOG_COMPILER_APPICON_NAME = AppIcon;
				ASSETCATALOG_COMPILER_GLOBAL_ACCENT_COLOR_NAME = AccentColor;
				CODE_SIGN_STYLE = Automatic;
				CURRENT_PROJECT_VERSION = 1;
				DEVELOPMENT_TEAM = 4V7RKGZ23M;
				GENERATE_INFOPLIST_FILE = YES;
				INFOPLIST_FILE = HomeWork6_Task2/Info.plist;
				INFOPLIST_KEY_UIApplicationSupportsIndirectInputEvents = YES;
				INFOPLIST_KEY_UILaunchStoryboardName = LaunchScreen;
				INFOPLIST_KEY_UIMainStoryboardFile = Main;
				INFOPLIST_KEY_UISupportedInterfaceOrientations_iPad = "UIInterfaceOrientationPortrait UIInterfaceOrientationPortraitUpsideDown UIInterfaceOrientationLandscapeLeft UIInterfaceOrientationLandscapeRight";
				INFOPLIST_KEY_UISupportedInterfaceOrientations_iPhone = "UIInterfaceOrientationPortrait UIInterfaceOrientationLandscapeLeft UIInterfaceOrientationLandscapeRight";
				LD_RUNPATH_SEARCH_PATHS = (
					"$(inherited)",
					"@executable_path/Frameworks",
				);
				MARKETING_VERSION = 1.0;
				PRODUCT_BUNDLE_IDENTIFIER = "TeamT.HomeWork6-Task2";
				PRODUCT_NAME = "$(TARGET_NAME)";
				SWIFT_EMIT_LOC_STRINGS = YES;
				SWIFT_VERSION = 5.0;
				TARGETED_DEVICE_FAMILY = "1,2";
			};
			name = Debug;
		};
		FA5A3A8D28C794A40008B33B /* Release */ = {
			isa = XCBuildConfiguration;
			buildSettings = {
				ASSETCATALOG_COMPILER_APPICON_NAME = AppIcon;
				ASSETCATALOG_COMPILER_GLOBAL_ACCENT_COLOR_NAME = AccentColor;
				CODE_SIGN_STYLE = Automatic;
				CURRENT_PROJECT_VERSION = 1;
				DEVELOPMENT_TEAM = 4V7RKGZ23M;
				GENERATE_INFOPLIST_FILE = YES;
				INFOPLIST_FILE = HomeWork6_Task2/Info.plist;
				INFOPLIST_KEY_UIApplicationSupportsIndirectInputEvents = YES;
				INFOPLIST_KEY_UILaunchStoryboardName = LaunchScreen;
				INFOPLIST_KEY_UIMainStoryboardFile = Main;
				INFOPLIST_KEY_UISupportedInterfaceOrientations_iPad = "UIInterfaceOrientationPortrait UIInterfaceOrientationPortraitUpsideDown UIInterfaceOrientationLandscapeLeft UIInterfaceOrientationLandscapeRight";
				INFOPLIST_KEY_UISupportedInterfaceOrientations_iPhone = "UIInterfaceOrientationPortrait UIInterfaceOrientationLandscapeLeft UIInterfaceOrientationLandscapeRight";
				LD_RUNPATH_SEARCH_PATHS = (
					"$(inherited)",
					"@executable_path/Frameworks",
				);
				MARKETING_VERSION = 1.0;
				PRODUCT_BUNDLE_IDENTIFIER = "TeamT.HomeWork6-Task2";
				PRODUCT_NAME = "$(TARGET_NAME)";
				SWIFT_EMIT_LOC_STRINGS = YES;
				SWIFT_VERSION = 5.0;
				TARGETED_DEVICE_FAMILY = "1,2";
			};
			name = Release;
		};
/* End XCBuildConfiguration section */

/* Begin XCConfigurationList section */
		FA5A3A7228C7949E0008B33B /* Build configuration list for PBXProject "HomeWork6_Task2" */ = {
			isa = XCConfigurationList;
			buildConfigurations = (
				FA5A3A8928C794A40008B33B /* Debug */,
				FA5A3A8A28C794A40008B33B /* Release */,
			);
			defaultConfigurationIsVisible = 0;
			defaultConfigurationName = Release;
		};
		FA5A3A8B28C794A40008B33B /* Build configuration list for PBXNativeTarget "HomeWork6_Task2" */ = {
			isa = XCConfigurationList;
			buildConfigurations = (
				FA5A3A8C28C794A40008B33B /* Debug */,
				FA5A3A8D28C794A40008B33B /* Release */,
			);
			defaultConfigurationIsVisible = 0;
			defaultConfigurationName = Release;
		};
/* End XCConfigurationList section */
	};
	rootObject = FA5A3A6F28C7949E0008B33B /* Project object */;
}
